
Microsoft Visual Studio Solution File, Format Version 12.00
# Visual Studio Version 17
VisualStudioVersion = 17.5.002.0
MinimumVisualStudioVersion = 10.0.40219.1
Project("{9A19103F-16F7-4668-BE54-9A1E7A4F7556}") = "RelayTest", "RelayTest.csproj", "{448D7BEE-85DF-4CF9-8EEB-5A0C9F363149}"
EndProject
Global
	GlobalSection(SolutionConfigurationPlatforms) = preSolution
		Debug|Any CPU = Debug|Any CPU
		Release|Any CPU = Release|Any CPU
	EndGlobalSection
	GlobalSection(ProjectConfigurationPlatforms) = postSolution
		{448D7BEE-85DF-4CF9-8EEB-5A0C9F363149}.Debug|Any CPU.ActiveCfg = Debug|Any CPU
		{448D7BEE-85DF-4CF9-8EEB-5A0C9F363149}.Debug|Any CPU.Build.0 = Debug|Any CPU
		{448D7BEE-85DF-4CF9-8EEB-5A0C9F363149}.Release|Any CPU.ActiveCfg = Release|Any CPU
		{448D7BEE-85DF-4CF9-8EEB-5A0C9F363149}.Release|Any CPU.Build.0 = Release|Any CPU
	EndGlobalSection
	GlobalSection(SolutionProperties) = preSolution
		HideSolutionNode = FALSE
	EndGlobalSection
	GlobalSection(ExtensibilityGlobals) = postSolution
		SolutionGuid = {14A38441-82B9-49B9-99FE-CEC9204D9EAD}
	EndGlobalSection
EndGlobal
